
Microsoft Visual Studio Solution File, Format Version 12.00
# Visual Studio Version 17
VisualStudioVersion = 17.5.002.0
MinimumVisualStudioVersion = 10.0.40219.1
Project("{9A19103F-16F7-4668-BE54-9A1E7A4F7556}") = "WebMvc", "WebMvc.csproj", "{5ADDD2BB-5B9B-4335-A6C6-4423542D5F96}"
EndProject
Global
	GlobalSection(SolutionConfigurationPlatforms) = preSolution
		Debug|Any CPU = Debug|Any CPU
		Release|Any CPU = Release|Any CPU
	EndGlobalSection
	GlobalSection(ProjectConfigurationPlatforms) = postSolution
		{5ADDD2BB-5B9B-4335-A6C6-4423542D5F96}.Debug|Any CPU.ActiveCfg = Debug|Any CPU
		{5ADDD2BB-5B9B-4335-A6C6-4423542D5F96}.Debug|Any CPU.Build.0 = Debug|Any CPU
		{5ADDD2BB-5B9B-4335-A6C6-4423542D5F96}.Release|Any CPU.ActiveCfg = Release|Any CPU
		{5ADDD2BB-5B9B-4335-A6C6-4423542D5F96}.Release|Any CPU.Build.0 = Release|Any CPU
	EndGlobalSection
	GlobalSection(SolutionProperties) = preSolution
		HideSolutionNode = FALSE
	EndGlobalSection
	GlobalSection(ExtensibilityGlobals) = postSolution
		SolutionGuid = {F3C33D42-8990-4CD4-8FE0-647011F16D2F}
	EndGlobalSection
EndGlobal
